// !$*UTF8*$!
{
	archiveVersion = 1;
	classes = {
	};
	objectVersion = 56;
	objects = {

/* Begin PBXBuildFile section */
		A10000010000000000000001 /* EmbeddedCompilerIDEApp.swift in Sources */ = {isa = PBXBuildFile; fileRef = A10000110000000000000001 /* EmbeddedCompilerIDEApp.swift */; };
		A10000020000000000000001 /* EmbeddedCompilerIDEView.swift in Sources */ = {isa = PBXBuildFile; fileRef = A10000120000000000000001 /* EmbeddedCompilerIDEView.swift */; };
		A10000030000000000000001 /* EmbeddedCompilerIDEViewModel.swift in Sources */ = {isa = PBXBuildFile; fileRef = A10000130000000000000001 /* EmbeddedCompilerIDEViewModel.swift */; };
		A10000040000000000000001 /* CompilerArchitecture.swift in Sources */ = {isa = PBXBuildFile; fileRef = A10000140000000000000001 /* CompilerArchitecture.swift */; };
		A10000050000000000000001 /* CompilerBridge.swift in Sources */ = {isa = PBXBuildFile; fileRef = A10000150000000000000001 /* CompilerBridge.swift */; };
		A10000060000000000000001 /* EmbeddedCompilerAPI.swift in Sources */ = {isa = PBXBuildFile; fileRef = A10000160000000000000001 /* EmbeddedCompilerAPI.swift */; };
		A10000070000000000000001 /* EmbeddedCompilerDemo.swift in Sources */ = {isa = PBXBuildFile; fileRef = A10000170000000000000001 /* EmbeddedCompilerDemo.swift */; };
		A10000080000000000000001 /* MiniCompiler.swift in Sources */ = {isa = PBXBuildFile; fileRef = A10000180000000000000001 /* MiniCompiler.swift */; };
		A10000090000000000000001 /* LLVM.xcframework in Frameworks */ = {isa = PBXBuildFile; fileRef = A10000190000000000000001 /* LLVM.xcframework */; };
		A100000A0000000000000001 /* Clang.xcframework in Frameworks */ = {isa = PBXBuildFile; fileRef = A100001A0000000000000001 /* Clang.xcframework */; };
/* End PBXBuildFile section */

/* Begin PBXFileReference section */
		A10000100000000000000001 /* EmbeddedCompilerIDE.app */ = {isa = PBXFileReference; explicitFileType = wrapper.application; includeInIndex = 0; path = EmbeddedCompilerIDE.app; sourceTree = BUILT_PRODUCTS_DIR; };
		A10000110000000000000001 /* EmbeddedCompilerIDEApp.swift */ = {isa = PBXFileReference; lastKnownFileType = sourcecode.swift; name = EmbeddedCompilerIDEApp.swift; path = ../EmbeddedCompilerIDE/EmbeddedCompilerIDEApp.swift; sourceTree = SOURCE_ROOT; };
		A10000120000000000000001 /* EmbeddedCompilerIDEView.swift */ = {isa = PBXFileReference; lastKnownFileType = sourcecode.swift; name = EmbeddedCompilerIDEView.swift; path = ../EmbeddedCompilerIDE/EmbeddedCompilerIDEView.swift; sourceTree = SOURCE_ROOT; };
		A10000130000000000000001 /* EmbeddedCompilerIDEViewModel.swift */ = {isa = PBXFileReference; lastKnownFileType = sourcecode.swift; name = EmbeddedCompilerIDEViewModel.swift; path = ../EmbeddedCompilerIDE/EmbeddedCompilerIDEViewModel.swift; sourceTree = SOURCE_ROOT; };
		A10000140000000000000001 /* CompilerArchitecture.swift */ = {isa = PBXFileReference; lastKnownFileType = sourcecode.swift; name = CompilerArchitecture.swift; path = ../../Sources/MiniSwiftCompilerCore/CompilerArchitecture.swift; sourceTree = SOURCE_ROOT; };
		A10000150000000000000001 /* CompilerBridge.swift */ = {isa = PBXFileReference; lastKnownFileType = sourcecode.swift; name = CompilerBridge.swift; path = ../../Sources/MiniSwiftCompilerCore/CompilerBridge.swift; sourceTree = SOURCE_ROOT; };
		A10000160000000000000001 /* EmbeddedCompilerAPI.swift */ = {isa = PBXFileReference; lastKnownFileType = sourcecode.swift; name = EmbeddedCompilerAPI.swift; path = ../../Sources/MiniSwiftCompilerCore/EmbeddedCompilerAPI.swift; sourceTree = SOURCE_ROOT; };
		A10000170000000000000001 /* EmbeddedCompilerDemo.swift */ = {isa = PBXFileReference; lastKnownFileType = sourcecode.swift; name = EmbeddedCompilerDemo.swift; path = ../../Sources/MiniSwiftCompilerCore/EmbeddedCompilerDemo.swift; sourceTree = SOURCE_ROOT; };
		A10000180000000000000001 /* MiniCompiler.swift */ = {isa = PBXFileReference; lastKnownFileType = sourcecode.swift; name = MiniCompiler.swift; path = ../../Sources/MiniSwiftCompilerCore/MiniCompiler.swift; sourceTree = SOURCE_ROOT; };
		A10000190000000000000001 /* LLVM.xcframework */ = {isa = PBXFileReference; lastKnownFileType = wrapper.xcframework; name = LLVM.xcframework; path = ../../LLVM.xcframework; sourceTree = SOURCE_ROOT; };
		A100001A0000000000000001 /* Clang.xcframework */ = {isa = PBXFileReference; lastKnownFileType = wrapper.xcframework; name = Clang.xcframework; path = ../../Clang.xcframework; sourceTree = SOURCE_ROOT; };
/* End PBXFileReference section */

/* Begin PBXFrameworksBuildPhase section */
		A10000200000000000000001 /* Frameworks */ = {
			isa = PBXFrameworksBuildPhase;
			buildActionMask = 2147483647;
			files = (
				A10000090000000000000001 /* LLVM.xcframework in Frameworks */,
				A100000A0000000000000001 /* Clang.xcframework in Frameworks */,
			);
			runOnlyForDeploymentPostprocessing = 0;
		};
/* End PBXFrameworksBuildPhase section */

/* Begin PBXGroup section */
		A10000300000000000000001 = {
			isa = PBXGroup;
			children = (
				A10000310000000000000001 /* Demo Sources */,
				A10000320000000000000001 /* Compiler Sources */,
				A10000330000000000000001 /* Frameworks */,
				A10000340000000000000001 /* Products */,
			);
			sourceTree = "<group>";
		};
		A10000310000000000000001 /* Demo Sources */ = {
			isa = PBXGroup;
			children = (
				A10000110000000000000001 /* EmbeddedCompilerIDEApp.swift */,
				A10000120000000000000001 /* EmbeddedCompilerIDEView.swift */,
				A10000130000000000000001 /* EmbeddedCompilerIDEViewModel.swift */,
			);
			name = "Demo Sources";
			sourceTree = "<group>";
		};
		A10000320000000000000001 /* Compiler Sources */ = {
			isa = PBXGroup;
			children = (
				A10000140000000000000001 /* CompilerArchitecture.swift */,
				A10000150000000000000001 /* CompilerBridge.swift */,
				A10000160000000000000001 /* EmbeddedCompilerAPI.swift */,
				A10000170000000000000001 /* EmbeddedCompilerDemo.swift */,
				A10000180000000000000001 /* MiniCompiler.swift */,
			);
			name = "Compiler Sources";
			sourceTree = "<group>";
		};
		A10000330000000000000001 /* Frameworks */ = {
			isa = PBXGroup;
			children = (
				A10000190000000000000001 /* LLVM.xcframework */,
				A100001A0000000000000001 /* Clang.xcframework */,
			);
			name = Frameworks;
			sourceTree = "<group>";
		};
		A10000340000000000000001 /* Products */ = {
			isa = PBXGroup;
			children = (
				A10000100000000000000001 /* EmbeddedCompilerIDE.app */,
			);
			name = Products;
			sourceTree = "<group>";
		};
/* End PBXGroup section */

/* Begin PBXNativeTarget section */
		A10000400000000000000001 /* EmbeddedCompilerIDE */ = {
			isa = PBXNativeTarget;
			buildConfigurationList = A10000500000000000000001 /* Build configuration list for PBXNativeTarget "EmbeddedCompilerIDE" */;
			buildPhases = (
				A10000210000000000000001 /* Sources */,
				A10000200000000000000001 /* Frameworks */,
				A10000220000000000000001 /* Resources */,
			);
			buildRules = (
			);
			dependencies = (
			);
			name = EmbeddedCompilerIDE;
			productName = EmbeddedCompilerIDE;
			productReference = A10000100000000000000001 /* EmbeddedCompilerIDE.app */;
			productType = "com.apple.product-type.application";
		};
/* End PBXNativeTarget section */

/* Begin PBXProject section */
		A10000600000000000000001 /* Project object */ = {
			isa = PBXProject;
			attributes = {
				BuildIndependentTargetsInParallel = 1;
				LastSwiftUpdateCheck = 1600;
				LastUpgradeCheck = 1600;
				TargetAttributes = {
					A10000400000000000000001 = {
						CreatedOnToolsVersion = 16.0;
					};
				};
			};
			buildConfigurationList = A10000510000000000000001 /* Build configuration list for PBXProject "EmbeddedCompilerIDE" */;
			compatibilityVersion = "Xcode 14.0";
			developmentRegion = en;
			hasScannedForEncodings = 0;
			knownRegions = (
				en,
				Base,
			);
			mainGroup = A10000300000000000000001;
			productRefGroup = A10000340000000000000001 /* Products */;
			projectDirPath = "";
			projectRoot = "";
			targets = (
				A10000400000000000000001 /* EmbeddedCompilerIDE */,
			);
		};
/* End PBXProject section */

/* Begin PBXResourcesBuildPhase section */
		A10000220000000000000001 /* Resources */ = {
			isa = PBXResourcesBuildPhase;
			buildActionMask = 2147483647;
			files = (
			);
			runOnlyForDeploymentPostprocessing = 0;
		};
/* End PBXResourcesBuildPhase section */

/* Begin PBXSourcesBuildPhase section */
		A10000210000000000000001 /* Sources */ = {
			isa = PBXSourcesBuildPhase;
			buildActionMask = 2147483647;
			files = (
				A10000010000000000000001 /* EmbeddedCompilerIDEApp.swift in Sources */,
				A10000020000000000000001 /* EmbeddedCompilerIDEView.swift in Sources */,
				A10000030000000000000001 /* EmbeddedCompilerIDEViewModel.swift in Sources */,
				A10000040000000000000001 /* CompilerArchitecture.swift in Sources */,
				A10000050000000000000001 /* CompilerBridge.swift in Sources */,
				A10000060000000000000001 /* EmbeddedCompilerAPI.swift in Sources */,
				A10000070000000000000001 /* EmbeddedCompilerDemo.swift in Sources */,
				A10000080000000000000001 /* MiniCompiler.swift in Sources */,
			);
			runOnlyForDeploymentPostprocessing = 0;
		};
/* End PBXSourcesBuildPhase section */

/* Begin XCBuildConfiguration section */
		A10000700000000000000001 /* Debug */ = {
			isa = XCBuildConfiguration;
			buildSettings = {
				ALWAYS_SEARCH_USER_PATHS = NO;
				CLANG_ENABLE_MODULES = YES;
				CLANG_ENABLE_OBJC_ARC = YES;
				CLANG_ENABLE_OBJC_WEAK = YES;
				COPY_PHASE_STRIP = NO;
				DEBUG_INFORMATION_FORMAT = dwarf;
				ENABLE_TESTABILITY = YES;
				GCC_C_LANGUAGE_STANDARD = gnu17;
				GCC_NO_COMMON_BLOCKS = YES;
				IPHONEOS_DEPLOYMENT_TARGET = 15.0;
				SDKROOT = iphoneos;
				SWIFT_ACTIVE_COMPILATION_CONDITIONS = DEBUG;
				SWIFT_OPTIMIZATION_LEVEL = "-Onone";
			};
			name = Debug;
		};
		A10000710000000000000001 /* Release */ = {
			isa = XCBuildConfiguration;
			buildSettings = {
				ALWAYS_SEARCH_USER_PATHS = NO;
				CLANG_ENABLE_MODULES = YES;
				CLANG_ENABLE_OBJC_ARC = YES;
				CLANG_ENABLE_OBJC_WEAK = YES;
				COPY_PHASE_STRIP = NO;
				DEBUG_INFORMATION_FORMAT = "dwarf-with-dsym";
				ENABLE_NS_ASSERTIONS = NO;
				GCC_C_LANGUAGE_STANDARD = gnu17;
				GCC_NO_COMMON_BLOCKS = YES;
				IPHONEOS_DEPLOYMENT_TARGET = 15.0;
				SDKROOT = iphoneos;
				SWIFT_COMPILATION_MODE = wholemodule;
				SWIFT_OPTIMIZATION_LEVEL = "-O";
			};
			name = Release;
		};
		A10000720000000000000001 /* Debug */ = {
			isa = XCBuildConfiguration;
			buildSettings = {
				CODE_SIGN_STYLE = Automatic;
				CURRENT_PROJECT_VERSION = 1;
				DEVELOPMENT_TEAM = "";
				GENERATE_INFOPLIST_FILE = NO;
				INFOPLIST_FILE = Demo/EmbeddedCompilerIDE-iOS/Info.plist;
				IPHONEOS_DEPLOYMENT_TARGET = 15.0;
				LD_RUNPATH_SEARCH_PATHS = (
					"$(inherited)",
					"@executable_path/Frameworks",
				);
				MARKETING_VERSION = 1.0;
				PRODUCT_BUNDLE_IDENTIFIER = com.openai.EmbeddedCompilerIDE;
				PRODUCT_NAME = "$(TARGET_NAME)";
				SUPPORTED_PLATFORMS = "iphoneos iphonesimulator";
				SWIFT_EMIT_LOC_STRINGS = YES;
				SWIFT_VERSION = 6.0;
				TARGETED_DEVICE_FAMILY = "1,2";
			};
			name = Debug;
		};
		A10000730000000000000001 /* Release */ = {
			isa = XCBuildConfiguration;
			buildSettings = {
				CODE_SIGN_STYLE = Automatic;
				CURRENT_PROJECT_VERSION = 1;
				DEVELOPMENT_TEAM = "";
				GENERATE_INFOPLIST_FILE = NO;
				INFOPLIST_FILE = Demo/EmbeddedCompilerIDE-iOS/Info.plist;
				IPHONEOS_DEPLOYMENT_TARGET = 15.0;
				LD_RUNPATH_SEARCH_PATHS = (
					"$(inherited)",
					"@executable_path/Frameworks",
				);
				MARKETING_VERSION = 1.0;
				PRODUCT_BUNDLE_IDENTIFIER = com.openai.EmbeddedCompilerIDE;
				PRODUCT_NAME = "$(TARGET_NAME)";
				SUPPORTED_PLATFORMS = "iphoneos iphonesimulator";
				SWIFT_COMPILATION_MODE = wholemodule;
				SWIFT_EMIT_LOC_STRINGS = YES;
				SWIFT_VERSION = 6.0;
				TARGETED_DEVICE_FAMILY = "1,2";
			};
			name = Release;
		};
/* End XCBuildConfiguration section */

/* Begin XCConfigurationList section */
		A10000500000000000000001 /* Build configuration list for PBXNativeTarget "EmbeddedCompilerIDE" */ = {
			isa = XCConfigurationList;
			buildConfigurations = (
				A10000720000000000000001 /* Debug */,
				A10000730000000000000001 /* Release */,
			);
			defaultConfigurationIsVisible = 0;
			defaultConfigurationName = Release;
		};
		A10000510000000000000001 /* Build configuration list for PBXProject "EmbeddedCompilerIDE" */ = {
			isa = XCConfigurationList;
			buildConfigurations = (
				A10000700000000000000001 /* Debug */,
				A10000710000000000000001 /* Release */,
			);
			defaultConfigurationIsVisible = 0;
			defaultConfigurationName = Release;
		};
/* End XCConfigurationList section */
	};
	rootObject = A10000600000000000000001 /* Project object */;
}
